
Microsoft Visual Studio Solution File, Format Version 12.00
# Visual Studio Version 17
VisualStudioVersion = 17.4.33103.184
MinimumVisualStudioVersion = 10.0.40219.1
Project("{FAE04EC0-301F-11D3-BF4B-00C04F79EFBC}") = "task 5   04 arrays", "task 5   04 arrays\task 5   04 arrays.csproj", "{E40F0423-8585-4DE6-B6E7-5C2009695608}"
EndProject
Global
	GlobalSection(SolutionConfigurationPlatforms) = preSolution
		Debug|Any CPU = Debug|Any CPU
		Release|Any CPU = Release|Any CPU
	EndGlobalSection
	GlobalSection(ProjectConfigurationPlatforms) = postSolution
		{E40F0423-8585-4DE6-B6E7-5C2009695608}.Debug|Any CPU.ActiveCfg = Debug|Any CPU
		{E40F0423-8585-4DE6-B6E7-5C2009695608}.Debug|Any CPU.Build.0 = Debug|Any CPU
		{E40F0423-8585-4DE6-B6E7-5C2009695608}.Release|Any CPU.ActiveCfg = Release|Any CPU
		{E40F0423-8585-4DE6-B6E7-5C2009695608}.Release|Any CPU.Build.0 = Release|Any CPU
	EndGlobalSection
	GlobalSection(SolutionProperties) = preSolution
		HideSolutionNode = FALSE
	EndGlobalSection
	GlobalSection(ExtensibilityGlobals) = postSolution
		SolutionGuid = {90A1C1AD-8495-4574-A646-91306A988269}
	EndGlobalSection
EndGlobal
